
Microsoft Visual Studio Solution File, Format Version 11.00
# Visual C++ Express 2010
Project("{8BC9CEB8-8B4A-11D0-8D11-00A0C91BC942}") = "exp_01", "exp_01\exp_01.vcxproj", "{E777A2A7-1BE6-4A52-A585-7C28C50BCABC}"
EndProject
Global
	GlobalSection(SolutionConfigurationPlatforms) = preSolution
		Debug|Win32 = Debug|Win32
		Release|Win32 = Release|Win32
	EndGlobalSection
	GlobalSection(ProjectConfigurationPlatforms) = postSolution
		{E777A2A7-1BE6-4A52-A585-7C28C50BCABC}.Debug|Win32.ActiveCfg = Debug|Win32
		{E777A2A7-1BE6-4A52-A585-7C28C50BCABC}.Debug|Win32.Build.0 = Debug|Win32
		{E777A2A7-1BE6-4A52-A585-7C28C50BCABC}.Release|Win32.ActiveCfg = Release|Win32
		{E777A2A7-1BE6-4A52-A585-7C28C50BCABC}.Release|Win32.Build.0 = Release|Win32
	EndGlobalSection
	GlobalSection(SolutionProperties) = preSolution
		HideSolutionNode = FALSE
	EndGlobalSection
EndGlobal
